
Microsoft Visual Studio Solution File, Format Version 12.00
# Visual Studio Version 16
VisualStudioVersion = 16.0.31005.135
MinimumVisualStudioVersion = 10.0.40219.1
Project("{FAE04EC0-301F-11D3-BF4B-00C04F79EFBC}") = "Lab2-Server", "Lab2-Server\Lab2-Server.csproj", "{CAF92127-72DD-449D-B514-23B59B2F202C}"
EndProject
Global
	GlobalSection(SolutionConfigurationPlatforms) = preSolution
		Debug|Any CPU = Debug|Any CPU
		Release|Any CPU = Release|Any CPU
	EndGlobalSection
	GlobalSection(ProjectConfigurationPlatforms) = postSolution
		{CAF92127-72DD-449D-B514-23B59B2F202C}.Debug|Any CPU.ActiveCfg = Debug|Any CPU
		{CAF92127-72DD-449D-B514-23B59B2F202C}.Debug|Any CPU.Build.0 = Debug|Any CPU
		{CAF92127-72DD-449D-B514-23B59B2F202C}.Release|Any CPU.ActiveCfg = Release|Any CPU
		{CAF92127-72DD-449D-B514-23B59B2F202C}.Release|Any CPU.Build.0 = Release|Any CPU
	EndGlobalSection
	GlobalSection(SolutionProperties) = preSolution
		HideSolutionNode = FALSE
	EndGlobalSection
	GlobalSection(ExtensibilityGlobals) = postSolution
		SolutionGuid = {3330B37B-0B99-439C-8DBC-5AAA7663D860}
	EndGlobalSection
EndGlobal
