
Microsoft Visual Studio Solution File, Format Version 12.00
# Visual Studio Version 16
VisualStudioVersion = 16.0.31005.135
MinimumVisualStudioVersion = 10.0.40219.1
Project("{9A19103F-16F7-4668-BE54-9A1E7A4F7556}") = "Lab2-View", "Lab2-View\Lab2-View.csproj", "{471F2A66-E2AA-4878-AC69-B47BF5126C7D}"
EndProject
Project("{9A19103F-16F7-4668-BE54-9A1E7A4F7556}") = "Lab2-Server", "..\Lab2-Server\Lab2-Server\Lab2-Server.csproj", "{77F8B754-9207-4C83-AEF5-CC56C3D05805}"
EndProject
Global
	GlobalSection(SolutionConfigurationPlatforms) = preSolution
		Debug|Any CPU = Debug|Any CPU
		Release|Any CPU = Release|Any CPU
	EndGlobalSection
	GlobalSection(ProjectConfigurationPlatforms) = postSolution
		{471F2A66-E2AA-4878-AC69-B47BF5126C7D}.Debug|Any CPU.ActiveCfg = Debug|Any CPU
		{471F2A66-E2AA-4878-AC69-B47BF5126C7D}.Debug|Any CPU.Build.0 = Debug|Any CPU
		{471F2A66-E2AA-4878-AC69-B47BF5126C7D}.Release|Any CPU.ActiveCfg = Release|Any CPU
		{471F2A66-E2AA-4878-AC69-B47BF5126C7D}.Release|Any CPU.Build.0 = Release|Any CPU
		{77F8B754-9207-4C83-AEF5-CC56C3D05805}.Debug|Any CPU.ActiveCfg = Debug|Any CPU
		{77F8B754-9207-4C83-AEF5-CC56C3D05805}.Debug|Any CPU.Build.0 = Debug|Any CPU
		{77F8B754-9207-4C83-AEF5-CC56C3D05805}.Release|Any CPU.ActiveCfg = Release|Any CPU
		{77F8B754-9207-4C83-AEF5-CC56C3D05805}.Release|Any CPU.Build.0 = Release|Any CPU
	EndGlobalSection
	GlobalSection(SolutionProperties) = preSolution
		HideSolutionNode = FALSE
	EndGlobalSection
	GlobalSection(ExtensibilityGlobals) = postSolution
		SolutionGuid = {E1C91F81-6093-44B8-B161-EC58E0AA947B}
	EndGlobalSection
EndGlobal
