
Microsoft Visual Studio Solution File, Format Version 12.00
# Visual Studio Version 16
VisualStudioVersion = 16.0.31005.135
MinimumVisualStudioVersion = 10.0.40219.1
Project("{FAE04EC0-301F-11D3-BF4B-00C04F79EFBC}") = "Client", "Client\Client.csproj", "{C896DEB0-0354-4C38-97AB-1ACA634548EE}"
EndProject
Global
	GlobalSection(SolutionConfigurationPlatforms) = preSolution
		Debug|Any CPU = Debug|Any CPU
		Release|Any CPU = Release|Any CPU
	EndGlobalSection
	GlobalSection(ProjectConfigurationPlatforms) = postSolution
		{C896DEB0-0354-4C38-97AB-1ACA634548EE}.Debug|Any CPU.ActiveCfg = Debug|Any CPU
		{C896DEB0-0354-4C38-97AB-1ACA634548EE}.Debug|Any CPU.Build.0 = Debug|Any CPU
		{C896DEB0-0354-4C38-97AB-1ACA634548EE}.Release|Any CPU.ActiveCfg = Release|Any CPU
		{C896DEB0-0354-4C38-97AB-1ACA634548EE}.Release|Any CPU.Build.0 = Release|Any CPU
	EndGlobalSection
	GlobalSection(SolutionProperties) = preSolution
		HideSolutionNode = FALSE
	EndGlobalSection
	GlobalSection(ExtensibilityGlobals) = postSolution
		SolutionGuid = {783CDFD7-255B-4253-BBD8-E824BD1CAFC6}
	EndGlobalSection
EndGlobal
