
Microsoft Visual Studio Solution File, Format Version 12.00
# Visual Studio Version 16
VisualStudioVersion = 16.0.31005.135
MinimumVisualStudioVersion = 10.0.40219.1
Project("{FAE04EC0-301F-11D3-BF4B-00C04F79EFBC}") = "Client", "Client\Client.csproj", "{B6AC5B06-0F50-4908-9253-AFB840DC708D}"
EndProject
Project("{FAE04EC0-301F-11D3-BF4B-00C04F79EFBC}") = "MatrixCalculator", "..\ComObject\ComObject\MatrixCalculator.csproj", "{1E66049A-C13F-443F-AAE5-E4F207A740BD}"
EndProject
Global
	GlobalSection(SolutionConfigurationPlatforms) = preSolution
		Debug|Any CPU = Debug|Any CPU
		Release|Any CPU = Release|Any CPU
	EndGlobalSection
	GlobalSection(ProjectConfigurationPlatforms) = postSolution
		{B6AC5B06-0F50-4908-9253-AFB840DC708D}.Debug|Any CPU.ActiveCfg = Debug|Any CPU
		{B6AC5B06-0F50-4908-9253-AFB840DC708D}.Debug|Any CPU.Build.0 = Debug|Any CPU
		{B6AC5B06-0F50-4908-9253-AFB840DC708D}.Release|Any CPU.ActiveCfg = Release|Any CPU
		{B6AC5B06-0F50-4908-9253-AFB840DC708D}.Release|Any CPU.Build.0 = Release|Any CPU
		{1E66049A-C13F-443F-AAE5-E4F207A740BD}.Debug|Any CPU.ActiveCfg = Debug|Any CPU
		{1E66049A-C13F-443F-AAE5-E4F207A740BD}.Debug|Any CPU.Build.0 = Debug|Any CPU
		{1E66049A-C13F-443F-AAE5-E4F207A740BD}.Release|Any CPU.ActiveCfg = Release|Any CPU
		{1E66049A-C13F-443F-AAE5-E4F207A740BD}.Release|Any CPU.Build.0 = Release|Any CPU
	EndGlobalSection
	GlobalSection(SolutionProperties) = preSolution
		HideSolutionNode = FALSE
	EndGlobalSection
	GlobalSection(ExtensibilityGlobals) = postSolution
		SolutionGuid = {24BA21CB-79CD-422D-BE69-BBDA89547D0B}
	EndGlobalSection
EndGlobal
