
Microsoft Visual Studio Solution File, Format Version 12.00
# Visual Studio Version 16
VisualStudioVersion = 16.0.31005.135
MinimumVisualStudioVersion = 10.0.40219.1
Project("{E24C65DC-7377-472B-9ABA-BC803B73C61A}") = "RailwayService", "RailwayService\", "{A2EA71ED-17A3-4646-A095-015D7FF901A9}"
	ProjectSection(WebsiteProperties) = preProject
		TargetFrameworkMoniker = ".NETFramework,Version%3Dv4.7.2"
		Debug.AspNetCompiler.VirtualPath = "/localhost_56785"
		Debug.AspNetCompiler.PhysicalPath = "RailwayService\"
		Debug.AspNetCompiler.TargetPath = "PrecompiledWeb\localhost_56785\"
		Debug.AspNetCompiler.Updateable = "true"
		Debug.AspNetCompiler.ForceOverwrite = "true"
		Debug.AspNetCompiler.FixedNames = "false"
		Debug.AspNetCompiler.Debug = "True"
		Release.AspNetCompiler.VirtualPath = "/localhost_56785"
		Release.AspNetCompiler.PhysicalPath = "RailwayService\"
		Release.AspNetCompiler.TargetPath = "PrecompiledWeb\localhost_56785\"
		Release.AspNetCompiler.Updateable = "true"
		Release.AspNetCompiler.ForceOverwrite = "true"
		Release.AspNetCompiler.FixedNames = "false"
		Release.AspNetCompiler.Debug = "False"
		VWDPort = "56785"
		SlnRelativePath = "RailwayService\"
		DefaultWebSiteLanguage = "Visual C#"
	EndProjectSection
EndProject
Project("{FAE04EC0-301F-11D3-BF4B-00C04F79EFBC}") = "Client", "..\Client\Client\Client.csproj", "{9DB6D737-AE2F-4484-A581-D966E034AC62}"
	ProjectSection(ProjectDependencies) = postProject
		{A2EA71ED-17A3-4646-A095-015D7FF901A9} = {A2EA71ED-17A3-4646-A095-015D7FF901A9}
	EndProjectSection
EndProject
Global
	GlobalSection(SolutionConfigurationPlatforms) = preSolution
		Debug|Any CPU = Debug|Any CPU
		Release|Any CPU = Release|Any CPU
	EndGlobalSection
	GlobalSection(ProjectConfigurationPlatforms) = postSolution
		{A2EA71ED-17A3-4646-A095-015D7FF901A9}.Debug|Any CPU.ActiveCfg = Debug|Any CPU
		{A2EA71ED-17A3-4646-A095-015D7FF901A9}.Debug|Any CPU.Build.0 = Debug|Any CPU
		{A2EA71ED-17A3-4646-A095-015D7FF901A9}.Release|Any CPU.ActiveCfg = Debug|Any CPU
		{A2EA71ED-17A3-4646-A095-015D7FF901A9}.Release|Any CPU.Build.0 = Debug|Any CPU
		{9DB6D737-AE2F-4484-A581-D966E034AC62}.Debug|Any CPU.ActiveCfg = Debug|Any CPU
		{9DB6D737-AE2F-4484-A581-D966E034AC62}.Debug|Any CPU.Build.0 = Debug|Any CPU
		{9DB6D737-AE2F-4484-A581-D966E034AC62}.Release|Any CPU.ActiveCfg = Release|Any CPU
		{9DB6D737-AE2F-4484-A581-D966E034AC62}.Release|Any CPU.Build.0 = Release|Any CPU
	EndGlobalSection
	GlobalSection(SolutionProperties) = preSolution
		HideSolutionNode = FALSE
	EndGlobalSection
	GlobalSection(ExtensibilityGlobals) = postSolution
		SolutionGuid = {CD7085A4-3BC4-489C-97FE-89C994AFDA28}
	EndGlobalSection
EndGlobal
